
Microsoft Visual Studio Solution File, Format Version 12.00
# Visual Studio 15
VisualStudioVersion = 15.0.27130.2010
MinimumVisualStudioVersion = 10.0.40219.1
Project("{FAE04EC0-301F-11D3-BF4B-00C04F79EFBC}") = "BookReview2", "BookReview2\BookReview2.csproj", "{5C19F765-E3AB-4BB7-AC11-7636C91B6D64}"
EndProject
Global
	GlobalSection(SolutionConfigurationPlatforms) = preSolution
		Debug|Any CPU = Debug|Any CPU
		Release|Any CPU = Release|Any CPU
	EndGlobalSection
	GlobalSection(ProjectConfigurationPlatforms) = postSolution
		{5C19F765-E3AB-4BB7-AC11-7636C91B6D64}.Debug|Any CPU.ActiveCfg = Debug|Any CPU
		{5C19F765-E3AB-4BB7-AC11-7636C91B6D64}.Debug|Any CPU.Build.0 = Debug|Any CPU
		{5C19F765-E3AB-4BB7-AC11-7636C91B6D64}.Release|Any CPU.ActiveCfg = Release|Any CPU
		{5C19F765-E3AB-4BB7-AC11-7636C91B6D64}.Release|Any CPU.Build.0 = Release|Any CPU
	EndGlobalSection
	GlobalSection(SolutionProperties) = preSolution
		HideSolutionNode = FALSE
	EndGlobalSection
	GlobalSection(ExtensibilityGlobals) = postSolution
		SolutionGuid = {DB1494A0-737A-49C6-9261-C30A0C4B44BF}
	EndGlobalSection
EndGlobal
